
Microsoft Visual Studio Solution File, Format Version 12.00
# Visual Studio Version 16
VisualStudioVersion = 16.0.31605.320
MinimumVisualStudioVersion = 10.0.40219.1
Project("{FAE04EC0-301F-11D3-BF4B-00C04F79EFBC}") = "SoundBoardV2", "SoundBoardV2\SoundBoardV2.csproj", "{93115510-2A20-4DCD-BADF-E22F61FFFCCD}"
EndProject
Global
	GlobalSection(SolutionConfigurationPlatforms) = preSolution
		Debug|Any CPU = Debug|Any CPU
		Release|Any CPU = Release|Any CPU
	EndGlobalSection
	GlobalSection(ProjectConfigurationPlatforms) = postSolution
		{93115510-2A20-4DCD-BADF-E22F61FFFCCD}.Debug|Any CPU.ActiveCfg = Debug|Any CPU
		{93115510-2A20-4DCD-BADF-E22F61FFFCCD}.Debug|Any CPU.Build.0 = Debug|Any CPU
		{93115510-2A20-4DCD-BADF-E22F61FFFCCD}.Release|Any CPU.ActiveCfg = Release|Any CPU
		{93115510-2A20-4DCD-BADF-E22F61FFFCCD}.Release|Any CPU.Build.0 = Release|Any CPU
	EndGlobalSection
	GlobalSection(SolutionProperties) = preSolution
		HideSolutionNode = FALSE
	EndGlobalSection
	GlobalSection(ExtensibilityGlobals) = postSolution
		SolutionGuid = {FBB3CA8B-77E8-4C09-BEDF-997B3BC820B8}
	EndGlobalSection
EndGlobal
